{
  "name": "assets",
  "lockfileVersion": 2,
  "requires": true,
  "packages": {
    "": {
      "dependencies": {
        "draw-on-canvas": "^1.2.0"
      }
    },
    "node_modules/draw-on-canvas": {
      "version": "1.2.0",
      "resolved": "https://registry.npmjs.org/draw-on-canvas/-/draw-on-canvas-1.2.0.tgz",
      "integrity": "sha512-erO2hjnTCfqMxftMa/tvGVTE3sEZFrup3WJVzSK+IVBUWKOlz4B+lqdjmX5LrwSpI35simfUHM7BrugbFZ46YA=="
    }
  },
  "dependencies": {
    "draw-on-canvas": {
      "version": "1.2.0",
      "resolved": "https://registry.npmjs.org/draw-on-canvas/-/draw-on-canvas-1.2.0.tgz",
      "integrity": "sha512-erO2hjnTCfqMxftMa/tvGVTE3sEZFrup3WJVzSK+IVBUWKOlz4B+lqdjmX5LrwSpI35simfUHM7BrugbFZ46YA=="
    }
  }
}
